
Microsoft Visual Studio Solution File, Format Version 12.00
# Visual Studio Version 16
VisualStudioVersion = 16.0.29613.14
MinimumVisualStudioVersion = 10.0.40219.1
Project("{FAE04EC0-301F-11D3-BF4B-00C04F79EFBC}") = "Calculator", "Calculator\Calculator.csproj", "{0250C5C3-B809-4676-A326-85810B29C6D7}"
EndProject
Project("{FAE04EC0-301F-11D3-BF4B-00C04F79EFBC}") = "Calculator.Tests", "Calculator.Tests\Calculator.Tests.csproj", "{B1501540-D5CC-4A87-8E6B-BFF073F0F8D2}"
EndProject
Global
	GlobalSection(SolutionConfigurationPlatforms) = preSolution
		Debug|Any CPU = Debug|Any CPU
		Release|Any CPU = Release|Any CPU
	EndGlobalSection
	GlobalSection(ProjectConfigurationPlatforms) = postSolution
		{0250C5C3-B809-4676-A326-85810B29C6D7}.Debug|Any CPU.ActiveCfg = Debug|Any CPU
		{0250C5C3-B809-4676-A326-85810B29C6D7}.Debug|Any CPU.Build.0 = Debug|Any CPU
		{0250C5C3-B809-4676-A326-85810B29C6D7}.Release|Any CPU.ActiveCfg = Release|Any CPU
		{0250C5C3-B809-4676-A326-85810B29C6D7}.Release|Any CPU.Build.0 = Release|Any CPU
		{B1501540-D5CC-4A87-8E6B-BFF073F0F8D2}.Debug|Any CPU.ActiveCfg = Debug|Any CPU
		{B1501540-D5CC-4A87-8E6B-BFF073F0F8D2}.Debug|Any CPU.Build.0 = Debug|Any CPU
		{B1501540-D5CC-4A87-8E6B-BFF073F0F8D2}.Release|Any CPU.ActiveCfg = Release|Any CPU
		{B1501540-D5CC-4A87-8E6B-BFF073F0F8D2}.Release|Any CPU.Build.0 = Release|Any CPU
	EndGlobalSection
	GlobalSection(SolutionProperties) = preSolution
		HideSolutionNode = FALSE
	EndGlobalSection
	GlobalSection(ExtensibilityGlobals) = postSolution
		SolutionGuid = {140E012E-62D1-4C92-BBA0-204AE1025949}
	EndGlobalSection
EndGlobal
